
Microsoft Visual Studio Solution File, Format Version 12.00
# Visual Studio Version 16
VisualStudioVersion = 16.0.33130.400
MinimumVisualStudioVersion = 10.0.40219.1
Project("{FAE04EC0-301F-11D3-BF4B-00C04F79EFBC}") = "Toggle_Challenge", "Toggle_Challenge.csproj", "{950FAE02-E2AB-47A4-A95B-915EDB1EAED6}"
EndProject
Global
	GlobalSection(SolutionConfigurationPlatforms) = preSolution
		Debug|Any CPU = Debug|Any CPU
		Release|Any CPU = Release|Any CPU
	EndGlobalSection
	GlobalSection(ProjectConfigurationPlatforms) = postSolution
		{950FAE02-E2AB-47A4-A95B-915EDB1EAED6}.Debug|Any CPU.ActiveCfg = Debug|Any CPU
		{950FAE02-E2AB-47A4-A95B-915EDB1EAED6}.Debug|Any CPU.Build.0 = Debug|Any CPU
		{950FAE02-E2AB-47A4-A95B-915EDB1EAED6}.Release|Any CPU.ActiveCfg = Release|Any CPU
		{950FAE02-E2AB-47A4-A95B-915EDB1EAED6}.Release|Any CPU.Build.0 = Release|Any CPU
	EndGlobalSection
	GlobalSection(SolutionProperties) = preSolution
		HideSolutionNode = FALSE
	EndGlobalSection
	GlobalSection(ExtensibilityGlobals) = postSolution
		SolutionGuid = {98B0E83C-A3E9-4108-B5D6-9DFC25FFD50D}
	EndGlobalSection
EndGlobal
